
Microsoft Visual Studio Solution File, Format Version 12.00
Project("{FAE04EC0-301F-11D3-BF4B-00C04F79EFBC}") = "task1", "task1\task1.csproj", "{B1B1BC5C-4F44-489A-A6CC-C192EC20F27F}"
EndProject
Project("{FAE04EC0-301F-11D3-BF4B-00C04F79EFBC}") = "task2", "task2\task2.csproj", "{9AE850F5-370E-4345-A013-FB445781E423}"
EndProject
Project("{FAE04EC0-301F-11D3-BF4B-00C04F79EFBC}") = "task4", "task4\task4.csproj", "{F938DC11-D540-4E72-AC2B-870EA67E135D}"
EndProject
Project("{FAE04EC0-301F-11D3-BF4B-00C04F79EFBC}") = "task2Forms", "task2Forms\task2Forms.csproj", "{709FE7DF-1873-47E5-8C1D-1FB99AB7D9D8}"
EndProject
Project("{FAE04EC0-301F-11D3-BF4B-00C04F79EFBC}") = "task4Forms", "task4Forms\task4Forms.csproj", "{336AB0CE-6436-4605-8829-60710130AA4B}"
EndProject
Project("{FAE04EC0-301F-11D3-BF4B-00C04F79EFBC}") = "task3Forms", "task3Forms\task3Forms.csproj", "{3D8F09AE-B71B-4D81-9EEC-C288BB817725}"
EndProject
Project("{FAE04EC0-301F-11D3-BF4B-00C04F79EFBC}") = "task2Library", "task2Library\task2Library.csproj", "{5C14CB93-6AAD-4154-98A4-1AA0962D28A3}"
EndProject
Project("{FAE04EC0-301F-11D3-BF4B-00C04F79EFBC}") = "task3Library", "task3Library\task3Library.csproj", "{BBCF7902-1AAD-435D-B596-82B1F4C8D3F6}"
EndProject
Project("{FAE04EC0-301F-11D3-BF4B-00C04F79EFBC}") = "task4Library", "task4Library\task4Library.csproj", "{3834984F-5378-4A45-A817-B793E0D49154}"
EndProject
Project("{FAE04EC0-301F-11D3-BF4B-00C04F79EFBC}") = "task6Library", "task6Library\task6Library.csproj", "{0A151BAE-C9FE-467B-A1ED-0E2294AF50A0}"
EndProject
Project("{FAE04EC0-301F-11D3-BF4B-00C04F79EFBC}") = "task6Forms", "task6Forms\task6Forms.csproj", "{53F835D3-AED9-42D0-98DD-237EDFD5B4CB}"
EndProject
Global
	GlobalSection(SolutionConfigurationPlatforms) = preSolution
		Debug|Any CPU = Debug|Any CPU
		Release|Any CPU = Release|Any CPU
	EndGlobalSection
	GlobalSection(ProjectConfigurationPlatforms) = postSolution
		{B1B1BC5C-4F44-489A-A6CC-C192EC20F27F}.Debug|Any CPU.ActiveCfg = Debug|Any CPU
		{B1B1BC5C-4F44-489A-A6CC-C192EC20F27F}.Debug|Any CPU.Build.0 = Debug|Any CPU
		{B1B1BC5C-4F44-489A-A6CC-C192EC20F27F}.Release|Any CPU.ActiveCfg = Release|Any CPU
		{B1B1BC5C-4F44-489A-A6CC-C192EC20F27F}.Release|Any CPU.Build.0 = Release|Any CPU
		{9AE850F5-370E-4345-A013-FB445781E423}.Debug|Any CPU.ActiveCfg = Debug|Any CPU
		{9AE850F5-370E-4345-A013-FB445781E423}.Debug|Any CPU.Build.0 = Debug|Any CPU
		{9AE850F5-370E-4345-A013-FB445781E423}.Release|Any CPU.ActiveCfg = Release|Any CPU
		{9AE850F5-370E-4345-A013-FB445781E423}.Release|Any CPU.Build.0 = Release|Any CPU
		{F938DC11-D540-4E72-AC2B-870EA67E135D}.Debug|Any CPU.ActiveCfg = Debug|Any CPU
		{F938DC11-D540-4E72-AC2B-870EA67E135D}.Debug|Any CPU.Build.0 = Debug|Any CPU
		{F938DC11-D540-4E72-AC2B-870EA67E135D}.Release|Any CPU.ActiveCfg = Release|Any CPU
		{F938DC11-D540-4E72-AC2B-870EA67E135D}.Release|Any CPU.Build.0 = Release|Any CPU
		{709FE7DF-1873-47E5-8C1D-1FB99AB7D9D8}.Debug|Any CPU.ActiveCfg = Debug|Any CPU
		{709FE7DF-1873-47E5-8C1D-1FB99AB7D9D8}.Debug|Any CPU.Build.0 = Debug|Any CPU
		{709FE7DF-1873-47E5-8C1D-1FB99AB7D9D8}.Release|Any CPU.ActiveCfg = Release|Any CPU
		{709FE7DF-1873-47E5-8C1D-1FB99AB7D9D8}.Release|Any CPU.Build.0 = Release|Any CPU
		{336AB0CE-6436-4605-8829-60710130AA4B}.Debug|Any CPU.ActiveCfg = Debug|Any CPU
		{336AB0CE-6436-4605-8829-60710130AA4B}.Debug|Any CPU.Build.0 = Debug|Any CPU
		{336AB0CE-6436-4605-8829-60710130AA4B}.Release|Any CPU.ActiveCfg = Release|Any CPU
		{336AB0CE-6436-4605-8829-60710130AA4B}.Release|Any CPU.Build.0 = Release|Any CPU
		{3D8F09AE-B71B-4D81-9EEC-C288BB817725}.Debug|Any CPU.ActiveCfg = Debug|Any CPU
		{3D8F09AE-B71B-4D81-9EEC-C288BB817725}.Debug|Any CPU.Build.0 = Debug|Any CPU
		{3D8F09AE-B71B-4D81-9EEC-C288BB817725}.Release|Any CPU.ActiveCfg = Release|Any CPU
		{3D8F09AE-B71B-4D81-9EEC-C288BB817725}.Release|Any CPU.Build.0 = Release|Any CPU
		{5C14CB93-6AAD-4154-98A4-1AA0962D28A3}.Debug|Any CPU.ActiveCfg = Debug|Any CPU
		{5C14CB93-6AAD-4154-98A4-1AA0962D28A3}.Debug|Any CPU.Build.0 = Debug|Any CPU
		{5C14CB93-6AAD-4154-98A4-1AA0962D28A3}.Release|Any CPU.ActiveCfg = Release|Any CPU
		{5C14CB93-6AAD-4154-98A4-1AA0962D28A3}.Release|Any CPU.Build.0 = Release|Any CPU
		{BBCF7902-1AAD-435D-B596-82B1F4C8D3F6}.Debug|Any CPU.ActiveCfg = Debug|Any CPU
		{BBCF7902-1AAD-435D-B596-82B1F4C8D3F6}.Debug|Any CPU.Build.0 = Debug|Any CPU
		{BBCF7902-1AAD-435D-B596-82B1F4C8D3F6}.Release|Any CPU.ActiveCfg = Release|Any CPU
		{BBCF7902-1AAD-435D-B596-82B1F4C8D3F6}.Release|Any CPU.Build.0 = Release|Any CPU
		{3834984F-5378-4A45-A817-B793E0D49154}.Debug|Any CPU.ActiveCfg = Debug|Any CPU
		{3834984F-5378-4A45-A817-B793E0D49154}.Debug|Any CPU.Build.0 = Debug|Any CPU
		{3834984F-5378-4A45-A817-B793E0D49154}.Release|Any CPU.ActiveCfg = Release|Any CPU
		{3834984F-5378-4A45-A817-B793E0D49154}.Release|Any CPU.Build.0 = Release|Any CPU
		{0A151BAE-C9FE-467B-A1ED-0E2294AF50A0}.Debug|Any CPU.ActiveCfg = Debug|Any CPU
		{0A151BAE-C9FE-467B-A1ED-0E2294AF50A0}.Debug|Any CPU.Build.0 = Debug|Any CPU
		{0A151BAE-C9FE-467B-A1ED-0E2294AF50A0}.Release|Any CPU.ActiveCfg = Release|Any CPU
		{0A151BAE-C9FE-467B-A1ED-0E2294AF50A0}.Release|Any CPU.Build.0 = Release|Any CPU
		{53F835D3-AED9-42D0-98DD-237EDFD5B4CB}.Debug|Any CPU.ActiveCfg = Debug|Any CPU
		{53F835D3-AED9-42D0-98DD-237EDFD5B4CB}.Debug|Any CPU.Build.0 = Debug|Any CPU
		{53F835D3-AED9-42D0-98DD-237EDFD5B4CB}.Release|Any CPU.ActiveCfg = Release|Any CPU
		{53F835D3-AED9-42D0-98DD-237EDFD5B4CB}.Release|Any CPU.Build.0 = Release|Any CPU
	EndGlobalSection
EndGlobal
